// !$*UTF8*$!
{
	archiveVersion = 1;
	classes = {
	};
	objectVersion = 50;
	objects = {

/* Begin PBXBuildFile section */
		332878C322DBE12C001A1DA8 /* AlertService.swift in Sources */ = {isa = PBXBuildFile; fileRef = 332878C222DBE12C001A1DA8 /* AlertService.swift */; };
		3339369622DB12910004B9DC /* TTNewsTableViewController.swift in Sources */ = {isa = PBXBuildFile; fileRef = 3339369422DB12910004B9DC /* TTNewsTableViewController.swift */; };
		3339369A22DB1E3A0004B9DC /* NewsTableViewCell.swift in Sources */ = {isa = PBXBuildFile; fileRef = 3339369822DB1E3A0004B9DC /* NewsTableViewCell.swift */; };
		3339369B22DB1E3A0004B9DC /* NewsTableViewCell.xib in Resources */ = {isa = PBXBuildFile; fileRef = 3339369922DB1E3A0004B9DC /* NewsTableViewCell.xib */; };
		3339369E22DB3C9A0004B9DC /* ArticleViewController.swift in Sources */ = {isa = PBXBuildFile; fileRef = 3339369C22DB3C9A0004B9DC /* ArticleViewController.swift */; };
		3339369F22DB3C9A0004B9DC /* ArticleViewController.xib in Resources */ = {isa = PBXBuildFile; fileRef = 3339369D22DB3C9A0004B9DC /* ArticleViewController.xib */; };
		33F9184D22D881DE007C7705 /* AppDelegate.swift in Sources */ = {isa = PBXBuildFile; fileRef = 33F9184C22D881DE007C7705 /* AppDelegate.swift */; };
		33F9185522D881DE007C7705 /* TTNewsApp.xcdatamodeld in Sources */ = {isa = PBXBuildFile; fileRef = 33F9185322D881DE007C7705 /* TTNewsApp.xcdatamodeld */; };
		33F9185722D881E0007C7705 /* Assets.xcassets in Resources */ = {isa = PBXBuildFile; fileRef = 33F9185622D881E0007C7705 /* Assets.xcassets */; };
		33F9185A22D881E0007C7705 /* LaunchScreen.storyboard in Resources */ = {isa = PBXBuildFile; fileRef = 33F9185822D881E0007C7705 /* LaunchScreen.storyboard */; };
		33F9187022D88215007C7705 /* NetworkService.swift in Sources */ = {isa = PBXBuildFile; fileRef = 33F9186F22D88215007C7705 /* NetworkService.swift */; };
		33F9187222D886E3007C7705 /* NetworkServiceTest.swift in Sources */ = {isa = PBXBuildFile; fileRef = 33F9187122D886E3007C7705 /* NetworkServiceTest.swift */; };
		33F9187922D89001007C7705 /* CoreDataService.swift in Sources */ = {isa = PBXBuildFile; fileRef = 33F9187622D89001007C7705 /* CoreDataService.swift */; };
		33F9187A22D89001007C7705 /* DataBaseService.swift in Sources */ = {isa = PBXBuildFile; fileRef = 33F9187722D89001007C7705 /* DataBaseService.swift */; };
/* End PBXBuildFile section */

/* Begin PBXContainerItemProxy section */
		33F9186122D881E0007C7705 /* PBXContainerItemProxy */ = {
			isa = PBXContainerItemProxy;
			containerPortal = 33F9184122D881DE007C7705 /* Project object */;
			proxyType = 1;
			remoteGlobalIDString = 33F9184822D881DE007C7705;
			remoteInfo = TTNewsApp;
		};
/* End PBXContainerItemProxy section */

/* Begin PBXFileReference section */
		332878C222DBE12C001A1DA8 /* AlertService.swift */ = {isa = PBXFileReference; lastKnownFileType = sourcecode.swift; path = AlertService.swift; sourceTree = "<group>"; };
		3339369422DB12910004B9DC /* TTNewsTableViewController.swift */ = {isa = PBXFileReference; fileEncoding = 4; lastKnownFileType = sourcecode.swift; path = TTNewsTableViewController.swift; sourceTree = "<group>"; };
		3339369822DB1E3A0004B9DC /* NewsTableViewCell.swift */ = {isa = PBXFileReference; lastKnownFileType = sourcecode.swift; path = NewsTableViewCell.swift; sourceTree = "<group>"; };
		3339369922DB1E3A0004B9DC /* NewsTableViewCell.xib */ = {isa = PBXFileReference; lastKnownFileType = file.xib; path = NewsTableViewCell.xib; sourceTree = "<group>"; };
		3339369C22DB3C9A0004B9DC /* ArticleViewController.swift */ = {isa = PBXFileReference; lastKnownFileType = sourcecode.swift; path = ArticleViewController.swift; sourceTree = "<group>"; };
		3339369D22DB3C9A0004B9DC /* ArticleViewController.xib */ = {isa = PBXFileReference; lastKnownFileType = file.xib; path = ArticleViewController.xib; sourceTree = "<group>"; };
		33F9184922D881DE007C7705 /* TTNewsApp.app */ = {isa = PBXFileReference; explicitFileType = wrapper.application; includeInIndex = 0; path = TTNewsApp.app; sourceTree = BUILT_PRODUCTS_DIR; };
		33F9184C22D881DE007C7705 /* AppDelegate.swift */ = {isa = PBXFileReference; lastKnownFileType = sourcecode.swift; path = AppDelegate.swift; sourceTree = "<group>"; };
		33F9185422D881DE007C7705 /* TTNewsApp.xcdatamodel */ = {isa = PBXFileReference; lastKnownFileType = wrapper.xcdatamodel; path = TTNewsApp.xcdatamodel; sourceTree = "<group>"; };
		33F9185622D881E0007C7705 /* Assets.xcassets */ = {isa = PBXFileReference; lastKnownFileType = folder.assetcatalog; path = Assets.xcassets; sourceTree = "<group>"; };
		33F9185922D881E0007C7705 /* Base */ = {isa = PBXFileReference; lastKnownFileType = file.storyboard; name = Base; path = Base.lproj/LaunchScreen.storyboard; sourceTree = "<group>"; };
		33F9185B22D881E0007C7705 /* Info.plist */ = {isa = PBXFileReference; lastKnownFileType = text.plist.xml; path = Info.plist; sourceTree = "<group>"; };
		33F9186022D881E0007C7705 /* TTNewsAppTests.xctest */ = {isa = PBXFileReference; explicitFileType = wrapper.cfbundle; includeInIndex = 0; path = TTNewsAppTests.xctest; sourceTree = BUILT_PRODUCTS_DIR; };
		33F9186622D881E0007C7705 /* Info.plist */ = {isa = PBXFileReference; lastKnownFileType = text.plist.xml; path = Info.plist; sourceTree = "<group>"; };
		33F9186F22D88215007C7705 /* NetworkService.swift */ = {isa = PBXFileReference; lastKnownFileType = sourcecode.swift; path = NetworkService.swift; sourceTree = "<group>"; };
		33F9187122D886E3007C7705 /* NetworkServiceTest.swift */ = {isa = PBXFileReference; lastKnownFileType = sourcecode.swift; path = NetworkServiceTest.swift; sourceTree = "<group>"; };
		33F9187622D89001007C7705 /* CoreDataService.swift */ = {isa = PBXFileReference; fileEncoding = 4; lastKnownFileType = sourcecode.swift; path = CoreDataService.swift; sourceTree = "<group>"; };
		33F9187722D89001007C7705 /* DataBaseService.swift */ = {isa = PBXFileReference; fileEncoding = 4; lastKnownFileType = sourcecode.swift; path = DataBaseService.swift; sourceTree = "<group>"; };
/* End PBXFileReference section */

/* Begin PBXFrameworksBuildPhase section */
		33F9184622D881DE007C7705 /* Frameworks */ = {
			isa = PBXFrameworksBuildPhase;
			buildActionMask = 2147483647;
			files = (
			);
			runOnlyForDeploymentPostprocessing = 0;
		};
		33F9185D22D881E0007C7705 /* Frameworks */ = {
			isa = PBXFrameworksBuildPhase;
			buildActionMask = 2147483647;
			files = (
			);
			runOnlyForDeploymentPostprocessing = 0;
		};
/* End PBXFrameworksBuildPhase section */

/* Begin PBXGroup section */
		332878C022DBE078001A1DA8 /* Services */ = {
			isa = PBXGroup;
			children = (
				33F9187622D89001007C7705 /* CoreDataService.swift */,
				33F9187722D89001007C7705 /* DataBaseService.swift */,
				33F9186F22D88215007C7705 /* NetworkService.swift */,
				332878C222DBE12C001A1DA8 /* AlertService.swift */,
			);
			path = Services;
			sourceTree = "<group>";
		};
		332878C122DBE0F3001A1DA8 /* View */ = {
			isa = PBXGroup;
			children = (
				33F9185822D881E0007C7705 /* LaunchScreen.storyboard */,
				3339369422DB12910004B9DC /* TTNewsTableViewController.swift */,
				3339369822DB1E3A0004B9DC /* NewsTableViewCell.swift */,
				3339369922DB1E3A0004B9DC /* NewsTableViewCell.xib */,
				3339369C22DB3C9A0004B9DC /* ArticleViewController.swift */,
				3339369D22DB3C9A0004B9DC /* ArticleViewController.xib */,
			);
			path = View;
			sourceTree = "<group>";
		};
		33F9184022D881DE007C7705 = {
			isa = PBXGroup;
			children = (
				33F9184B22D881DE007C7705 /* TTNewsApp */,
				33F9186322D881E0007C7705 /* TTNewsAppTests */,
				33F9184A22D881DE007C7705 /* Products */,
			);
			sourceTree = "<group>";
		};
		33F9184A22D881DE007C7705 /* Products */ = {
			isa = PBXGroup;
			children = (
				33F9184922D881DE007C7705 /* TTNewsApp.app */,
				33F9186022D881E0007C7705 /* TTNewsAppTests.xctest */,
			);
			name = Products;
			sourceTree = "<group>";
		};
		33F9184B22D881DE007C7705 /* TTNewsApp */ = {
			isa = PBXGroup;
			children = (
				332878C122DBE0F3001A1DA8 /* View */,
				332878C022DBE078001A1DA8 /* Services */,
				33F9184C22D881DE007C7705 /* AppDelegate.swift */,
				33F9185622D881E0007C7705 /* Assets.xcassets */,
				33F9185B22D881E0007C7705 /* Info.plist */,
				33F9185322D881DE007C7705 /* TTNewsApp.xcdatamodeld */,
			);
			path = TTNewsApp;
			sourceTree = "<group>";
		};
		33F9186322D881E0007C7705 /* TTNewsAppTests */ = {
			isa = PBXGroup;
			children = (
				33F9186622D881E0007C7705 /* Info.plist */,
				33F9187122D886E3007C7705 /* NetworkServiceTest.swift */,
			);
			path = TTNewsAppTests;
			sourceTree = "<group>";
		};
/* End PBXGroup section */

/* Begin PBXNativeTarget section */
		33F9184822D881DE007C7705 /* TTNewsApp */ = {
			isa = PBXNativeTarget;
			buildConfigurationList = 33F9186922D881E0007C7705 /* Build configuration list for PBXNativeTarget "TTNewsApp" */;
			buildPhases = (
				33F9184522D881DE007C7705 /* Sources */,
				33F9184622D881DE007C7705 /* Frameworks */,
				33F9184722D881DE007C7705 /* Resources */,
			);
			buildRules = (
			);
			dependencies = (
			);
			name = TTNewsApp;
			productName = TTNewsApp;
			productReference = 33F9184922D881DE007C7705 /* TTNewsApp.app */;
			productType = "com.apple.product-type.application";
		};
		33F9185F22D881E0007C7705 /* TTNewsAppTests */ = {
			isa = PBXNativeTarget;
			buildConfigurationList = 33F9186C22D881E0007C7705 /* Build configuration list for PBXNativeTarget "TTNewsAppTests" */;
			buildPhases = (
				33F9185C22D881E0007C7705 /* Sources */,
				33F9185D22D881E0007C7705 /* Frameworks */,
				33F9185E22D881E0007C7705 /* Resources */,
			);
			buildRules = (
			);
			dependencies = (
				33F9186222D881E0007C7705 /* PBXTargetDependency */,
			);
			name = TTNewsAppTests;
			productName = TTNewsAppTests;
			productReference = 33F9186022D881E0007C7705 /* TTNewsAppTests.xctest */;
			productType = "com.apple.product-type.bundle.unit-test";
		};
/* End PBXNativeTarget section */

/* Begin PBXProject section */
		33F9184122D881DE007C7705 /* Project object */ = {
			isa = PBXProject;
			attributes = {
				LastSwiftUpdateCheck = 1020;
				LastUpgradeCheck = 1020;
				ORGANIZATIONNAME = "Alexander Rogachev";
				TargetAttributes = {
					33F9184822D881DE007C7705 = {
						CreatedOnToolsVersion = 10.2.1;
					};
					33F9185F22D881E0007C7705 = {
						CreatedOnToolsVersion = 10.2.1;
						TestTargetID = 33F9184822D881DE007C7705;
					};
				};
			};
			buildConfigurationList = 33F9184422D881DE007C7705 /* Build configuration list for PBXProject "TTNewsApp" */;
			compatibilityVersion = "Xcode 9.3";
			developmentRegion = en;
			hasScannedForEncodings = 0;
			knownRegions = (
				en,
				Base,
			);
			mainGroup = 33F9184022D881DE007C7705;
			productRefGroup = 33F9184A22D881DE007C7705 /* Products */;
			projectDirPath = "";
			projectRoot = "";
			targets = (
				33F9184822D881DE007C7705 /* TTNewsApp */,
				33F9185F22D881E0007C7705 /* TTNewsAppTests */,
			);
		};
/* End PBXProject section */

/* Begin PBXResourcesBuildPhase section */
		33F9184722D881DE007C7705 /* Resources */ = {
			isa = PBXResourcesBuildPhase;
			buildActionMask = 2147483647;
			files = (
				33F9185A22D881E0007C7705 /* LaunchScreen.storyboard in Resources */,
				3339369F22DB3C9A0004B9DC /* ArticleViewController.xib in Resources */,
				33F9185722D881E0007C7705 /* Assets.xcassets in Resources */,
				3339369B22DB1E3A0004B9DC /* NewsTableViewCell.xib in Resources */,
			);
			runOnlyForDeploymentPostprocessing = 0;
		};
		33F9185E22D881E0007C7705 /* Resources */ = {
			isa = PBXResourcesBuildPhase;
			buildActionMask = 2147483647;
			files = (
			);
			runOnlyForDeploymentPostprocessing = 0;
		};
/* End PBXResourcesBuildPhase section */

/* Begin PBXSourcesBuildPhase section */
		33F9184522D881DE007C7705 /* Sources */ = {
			isa = PBXSourcesBuildPhase;
			buildActionMask = 2147483647;
			files = (
				33F9184D22D881DE007C7705 /* AppDelegate.swift in Sources */,
				3339369E22DB3C9A0004B9DC /* ArticleViewController.swift in Sources */,
				3339369A22DB1E3A0004B9DC /* NewsTableViewCell.swift in Sources */,
				33F9187022D88215007C7705 /* NetworkService.swift in Sources */,
				33F9185522D881DE007C7705 /* TTNewsApp.xcdatamodeld in Sources */,
				3339369622DB12910004B9DC /* TTNewsTableViewController.swift in Sources */,
				33F9187922D89001007C7705 /* CoreDataService.swift in Sources */,
				332878C322DBE12C001A1DA8 /* AlertService.swift in Sources */,
				33F9187A22D89001007C7705 /* DataBaseService.swift in Sources */,
			);
			runOnlyForDeploymentPostprocessing = 0;
		};
		33F9185C22D881E0007C7705 /* Sources */ = {
			isa = PBXSourcesBuildPhase;
			buildActionMask = 2147483647;
			files = (
				33F9187222D886E3007C7705 /* NetworkServiceTest.swift in Sources */,
			);
			runOnlyForDeploymentPostprocessing = 0;
		};
/* End PBXSourcesBuildPhase section */

/* Begin PBXTargetDependency section */
		33F9186222D881E0007C7705 /* PBXTargetDependency */ = {
			isa = PBXTargetDependency;
			target = 33F9184822D881DE007C7705 /* TTNewsApp */;
			targetProxy = 33F9186122D881E0007C7705 /* PBXContainerItemProxy */;
		};
/* End PBXTargetDependency section */

/* Begin PBXVariantGroup section */
		33F9185822D881E0007C7705 /* LaunchScreen.storyboard */ = {
			isa = PBXVariantGroup;
			children = (
				33F9185922D881E0007C7705 /* Base */,
			);
			name = LaunchScreen.storyboard;
			sourceTree = "<group>";
		};
/* End PBXVariantGroup section */

/* Begin XCBuildConfiguration section */
		33F9186722D881E0007C7705 /* Debug */ = {
			isa = XCBuildConfiguration;
			buildSettings = {
				ALWAYS_SEARCH_USER_PATHS = NO;
				CLANG_ANALYZER_NONNULL = YES;
				CLANG_ANALYZER_NUMBER_OBJECT_CONVERSION = YES_AGGRESSIVE;
				CLANG_CXX_LANGUAGE_STANDARD = "gnu++14";
				CLANG_CXX_LIBRARY = "libc++";
				CLANG_ENABLE_MODULES = YES;
				CLANG_ENABLE_OBJC_ARC = YES;
				CLANG_ENABLE_OBJC_WEAK = YES;
				CLANG_WARN_BLOCK_CAPTURE_AUTORELEASING = YES;
				CLANG_WARN_BOOL_CONVERSION = YES;
				CLANG_WARN_COMMA = YES;
				CLANG_WARN_CONSTANT_CONVERSION = YES;
				CLANG_WARN_DEPRECATED_OBJC_IMPLEMENTATIONS = YES;
				CLANG_WARN_DIRECT_OBJC_ISA_USAGE = YES_ERROR;
				CLANG_WARN_DOCUMENTATION_COMMENTS = YES;
				CLANG_WARN_EMPTY_BODY = YES;
				CLANG_WARN_ENUM_CONVERSION = YES;
				CLANG_WARN_INFINITE_RECURSION = YES;
				CLANG_WARN_INT_CONVERSION = YES;
				CLANG_WARN_NON_LITERAL_NULL_CONVERSION = YES;
				CLANG_WARN_OBJC_IMPLICIT_RETAIN_SELF = YES;
				CLANG_WARN_OBJC_LITERAL_CONVERSION = YES;
				CLANG_WARN_OBJC_ROOT_CLASS = YES_ERROR;
				CLANG_WARN_RANGE_LOOP_ANALYSIS = YES;
				CLANG_WARN_STRICT_PROTOTYPES = YES;
				CLANG_WARN_SUSPICIOUS_MOVE = YES;
				CLANG_WARN_UNGUARDED_AVAILABILITY = YES_AGGRESSIVE;
				CLANG_WARN_UNREACHABLE_CODE = YES;
				CLANG_WARN__DUPLICATE_METHOD_MATCH = YES;
				CODE_SIGN_IDENTITY = "iPhone Developer";
				COPY_PHASE_STRIP = NO;
				DEBUG_INFORMATION_FORMAT = dwarf;
				ENABLE_STRICT_OBJC_MSGSEND = YES;
				ENABLE_TESTABILITY = YES;
				GCC_C_LANGUAGE_STANDARD = gnu11;
				GCC_DYNAMIC_NO_PIC = NO;
				GCC_NO_COMMON_BLOCKS = YES;
				GCC_OPTIMIZATION_LEVEL = 0;
				GCC_PREPROCESSOR_DEFINITIONS = (
					"DEBUG=1",
					"$(inherited)",
				);
				GCC_WARN_64_TO_32_BIT_CONVERSION = YES;
				GCC_WARN_ABOUT_RETURN_TYPE = YES_ERROR;
				GCC_WARN_UNDECLARED_SELECTOR = YES;
				GCC_WARN_UNINITIALIZED_AUTOS = YES_AGGRESSIVE;
				GCC_WARN_UNUSED_FUNCTION = YES;
				GCC_WARN_UNUSED_VARIABLE = YES;
				IPHONEOS_DEPLOYMENT_TARGET = 12.2;
				MTL_ENABLE_DEBUG_INFO = INCLUDE_SOURCE;
				MTL_FAST_MATH = YES;
				ONLY_ACTIVE_ARCH = YES;
				SDKROOT = iphoneos;
				SWIFT_ACTIVE_COMPILATION_CONDITIONS = DEBUG;
				SWIFT_OPTIMIZATION_LEVEL = "-Onone";
			};
			name = Debug;
		};
		33F9186822D881E0007C7705 /* Release */ = {
			isa = XCBuildConfiguration;
			buildSettings = {
				ALWAYS_SEARCH_USER_PATHS = NO;
				CLANG_ANALYZER_NONNULL = YES;
				CLANG_ANALYZER_NUMBER_OBJECT_CONVERSION = YES_AGGRESSIVE;
				CLANG_CXX_LANGUAGE_STANDARD = "gnu++14";
				CLANG_CXX_LIBRARY = "libc++";
				CLANG_ENABLE_MODULES = YES;
				CLANG_ENABLE_OBJC_ARC = YES;
				CLANG_ENABLE_OBJC_WEAK = YES;
				CLANG_WARN_BLOCK_CAPTURE_AUTORELEASING = YES;
				CLANG_WARN_BOOL_CONVERSION = YES;
				CLANG_WARN_COMMA = YES;
				CLANG_WARN_CONSTANT_CONVERSION = YES;
				CLANG_WARN_DEPRECATED_OBJC_IMPLEMENTATIONS = YES;
				CLANG_WARN_DIRECT_OBJC_ISA_USAGE = YES_ERROR;
				CLANG_WARN_DOCUMENTATION_COMMENTS = YES;
				CLANG_WARN_EMPTY_BODY = YES;
				CLANG_WARN_ENUM_CONVERSION = YES;
				CLANG_WARN_INFINITE_RECURSION = YES;
				CLANG_WARN_INT_CONVERSION = YES;
				CLANG_WARN_NON_LITERAL_NULL_CONVERSION = YES;
				CLANG_WARN_OBJC_IMPLICIT_RETAIN_SELF = YES;
				CLANG_WARN_OBJC_LITERAL_CONVERSION = YES;
				CLANG_WARN_OBJC_ROOT_CLASS = YES_ERROR;
				CLANG_WARN_RANGE_LOOP_ANALYSIS = YES;
				CLANG_WARN_STRICT_PROTOTYPES = YES;
				CLANG_WARN_SUSPICIOUS_MOVE = YES;
				CLANG_WARN_UNGUARDED_AVAILABILITY = YES_AGGRESSIVE;
				CLANG_WARN_UNREACHABLE_CODE = YES;
				CLANG_WARN__DUPLICATE_METHOD_MATCH = YES;
				CODE_SIGN_IDENTITY = "iPhone Developer";
				COPY_PHASE_STRIP = NO;
				DEBUG_INFORMATION_FORMAT = "dwarf-with-dsym";
				ENABLE_NS_ASSERTIONS = NO;
				ENABLE_STRICT_OBJC_MSGSEND = YES;
				GCC_C_LANGUAGE_STANDARD = gnu11;
				GCC_NO_COMMON_BLOCKS = YES;
				GCC_WARN_64_TO_32_BIT_CONVERSION = YES;
				GCC_WARN_ABOUT_RETURN_TYPE = YES_ERROR;
				GCC_WARN_UNDECLARED_SELECTOR = YES;
				GCC_WARN_UNINITIALIZED_AUTOS = YES_AGGRESSIVE;
				GCC_WARN_UNUSED_FUNCTION = YES;
				GCC_WARN_UNUSED_VARIABLE = YES;
				IPHONEOS_DEPLOYMENT_TARGET = 12.2;
				MTL_ENABLE_DEBUG_INFO = NO;
				MTL_FAST_MATH = YES;
				SDKROOT = iphoneos;
				SWIFT_COMPILATION_MODE = wholemodule;
				SWIFT_OPTIMIZATION_LEVEL = "-O";
				VALIDATE_PRODUCT = YES;
			};
			name = Release;
		};
		33F9186A22D881E0007C7705 /* Debug */ = {
			isa = XCBuildConfiguration;
			buildSettings = {
				ASSETCATALOG_COMPILER_APPICON_NAME = AppIcon;
				CODE_SIGN_STYLE = Automatic;
				DEFINES_MODULE = YES;
				DEVELOPMENT_TEAM = B6GSU378LR;
				INFOPLIST_FILE = TTNewsApp/Info.plist;
				LD_RUNPATH_SEARCH_PATHS = (
					"$(inherited)",
					"@executable_path/Frameworks",
				);
				PRODUCT_BUNDLE_IDENTIFIER = com.aleksandrpravda.www.TTNewsApp;
				PRODUCT_NAME = "$(TARGET_NAME)";
				SWIFT_VERSION = 5.0;
				TARGETED_DEVICE_FAMILY = "1,2";
			};
			name = Debug;
		};
		33F9186B22D881E0007C7705 /* Release */ = {
			isa = XCBuildConfiguration;
			buildSettings = {
				ASSETCATALOG_COMPILER_APPICON_NAME = AppIcon;
				CODE_SIGN_STYLE = Automatic;
				DEFINES_MODULE = YES;
				DEVELOPMENT_TEAM = B6GSU378LR;
				INFOPLIST_FILE = TTNewsApp/Info.plist;
				LD_RUNPATH_SEARCH_PATHS = (
					"$(inherited)",
					"@executable_path/Frameworks",
				);
				PRODUCT_BUNDLE_IDENTIFIER = com.aleksandrpravda.www.TTNewsApp;
				PRODUCT_NAME = "$(TARGET_NAME)";
				SWIFT_VERSION = 5.0;
				TARGETED_DEVICE_FAMILY = "1,2";
			};
			name = Release;
		};
		33F9186D22D881E0007C7705 /* Debug */ = {
			isa = XCBuildConfiguration;
			buildSettings = {
				ALWAYS_EMBED_SWIFT_STANDARD_LIBRARIES = YES;
				BUNDLE_LOADER = "$(TEST_HOST)";
				CODE_SIGN_STYLE = Automatic;
				DEVELOPMENT_TEAM = B6GSU378LR;
				INFOPLIST_FILE = TTNewsAppTests/Info.plist;
				LD_RUNPATH_SEARCH_PATHS = (
					"$(inherited)",
					"@executable_path/Frameworks",
					"@loader_path/Frameworks",
				);
				PRODUCT_BUNDLE_IDENTIFIER = com.aleksandrpravda.www.TTNewsAppTests;
				PRODUCT_NAME = "$(TARGET_NAME)";
				SWIFT_VERSION = 5.0;
				TARGETED_DEVICE_FAMILY = "1,2";
				TEST_HOST = "$(BUILT_PRODUCTS_DIR)/TTNewsApp.app/TTNewsApp";
			};
			name = Debug;
		};
		33F9186E22D881E0007C7705 /* Release */ = {
			isa = XCBuildConfiguration;
			buildSettings = {
				ALWAYS_EMBED_SWIFT_STANDARD_LIBRARIES = YES;
				BUNDLE_LOADER = "$(TEST_HOST)";
				CODE_SIGN_STYLE = Automatic;
				DEVELOPMENT_TEAM = B6GSU378LR;
				INFOPLIST_FILE = TTNewsAppTests/Info.plist;
				LD_RUNPATH_SEARCH_PATHS = (
					"$(inherited)",
					"@executable_path/Frameworks",
					"@loader_path/Frameworks",
				);
				PRODUCT_BUNDLE_IDENTIFIER = com.aleksandrpravda.www.TTNewsAppTests;
				PRODUCT_NAME = "$(TARGET_NAME)";
				SWIFT_VERSION = 5.0;
				TARGETED_DEVICE_FAMILY = "1,2";
				TEST_HOST = "$(BUILT_PRODUCTS_DIR)/TTNewsApp.app/TTNewsApp";
			};
			name = Release;
		};
/* End XCBuildConfiguration section */

/* Begin XCConfigurationList section */
		33F9184422D881DE007C7705 /* Build configuration list for PBXProject "TTNewsApp" */ = {
			isa = XCConfigurationList;
			buildConfigurations = (
				33F9186722D881E0007C7705 /* Debug */,
				33F9186822D881E0007C7705 /* Release */,
			);
			defaultConfigurationIsVisible = 0;
			defaultConfigurationName = Release;
		};
		33F9186922D881E0007C7705 /* Build configuration list for PBXNativeTarget "TTNewsApp" */ = {
			isa = XCConfigurationList;
			buildConfigurations = (
				33F9186A22D881E0007C7705 /* Debug */,
				33F9186B22D881E0007C7705 /* Release */,
			);
			defaultConfigurationIsVisible = 0;
			defaultConfigurationName = Release;
		};
		33F9186C22D881E0007C7705 /* Build configuration list for PBXNativeTarget "TTNewsAppTests" */ = {
			isa = XCConfigurationList;
			buildConfigurations = (
				33F9186D22D881E0007C7705 /* Debug */,
				33F9186E22D881E0007C7705 /* Release */,
			);
			defaultConfigurationIsVisible = 0;
			defaultConfigurationName = Release;
		};
/* End XCConfigurationList section */

/* Begin XCVersionGroup section */
		33F9185322D881DE007C7705 /* TTNewsApp.xcdatamodeld */ = {
			isa = XCVersionGroup;
			children = (
				33F9185422D881DE007C7705 /* TTNewsApp.xcdatamodel */,
			);
			currentVersion = 33F9185422D881DE007C7705 /* TTNewsApp.xcdatamodel */;
			path = TTNewsApp.xcdatamodeld;
			sourceTree = "<group>";
			versionGroupType = wrapper.xcdatamodel;
		};
/* End XCVersionGroup section */
	};
	rootObject = 33F9184122D881DE007C7705 /* Project object */;
}
